
Microsoft Visual Studio Solution File, Format Version 12.00
# Visual Studio 2012
Project("{FAE04EC0-301F-11D3-BF4B-00C04F79EFBC}") = "ColorCombination", "ColorCombination\ColorCombination.csproj", "{26657FE9-ACB3-4CC5-BABE-31937DF45E13}"
EndProject
Project("{FAE04EC0-301F-11D3-BF4B-00C04F79EFBC}") = "ColorCombinationTests", "ColorCombinationTests\ColorCombinationTests.csproj", "{C5D4D5E5-C6C5-49DC-A2B8-FA012592CE43}"
EndProject
Global
	GlobalSection(SolutionConfigurationPlatforms) = preSolution
		Debug|Any CPU = Debug|Any CPU
		Release|Any CPU = Release|Any CPU
	EndGlobalSection
	GlobalSection(ProjectConfigurationPlatforms) = postSolution
		{26657FE9-ACB3-4CC5-BABE-31937DF45E13}.Debug|Any CPU.ActiveCfg = Debug|Any CPU
		{26657FE9-ACB3-4CC5-BABE-31937DF45E13}.Debug|Any CPU.Build.0 = Debug|Any CPU
		{26657FE9-ACB3-4CC5-BABE-31937DF45E13}.Release|Any CPU.ActiveCfg = Release|Any CPU
		{26657FE9-ACB3-4CC5-BABE-31937DF45E13}.Release|Any CPU.Build.0 = Release|Any CPU
		{C5D4D5E5-C6C5-49DC-A2B8-FA012592CE43}.Debug|Any CPU.ActiveCfg = Debug|Any CPU
		{C5D4D5E5-C6C5-49DC-A2B8-FA012592CE43}.Debug|Any CPU.Build.0 = Debug|Any CPU
		{C5D4D5E5-C6C5-49DC-A2B8-FA012592CE43}.Release|Any CPU.ActiveCfg = Release|Any CPU
		{C5D4D5E5-C6C5-49DC-A2B8-FA012592CE43}.Release|Any CPU.Build.0 = Release|Any CPU
	EndGlobalSection
EndGlobal
